// !$*UTF8*$!
{
	archiveVersion = 1;
	classes = {
	};
	objectVersion = 50;
	objects = {

/* Begin PBXBuildFile section */
		7406F4F0207ED18C00AA0223 /* AppDelegate.swift in Sources */ = {isa = PBXBuildFile; fileRef = 7406F4EF207ED18C00AA0223 /* AppDelegate.swift */; };
		7406F4F2207ED18C00AA0223 /* ViewController.swift in Sources */ = {isa = PBXBuildFile; fileRef = 7406F4F1207ED18C00AA0223 /* ViewController.swift */; };
		7406F4F4207ED18E00AA0223 /* Assets.xcassets in Resources */ = {isa = PBXBuildFile; fileRef = 7406F4F3207ED18E00AA0223 /* Assets.xcassets */; };
		7406F4F7207ED18E00AA0223 /* Main.storyboard in Resources */ = {isa = PBXBuildFile; fileRef = 7406F4F5207ED18E00AA0223 /* Main.storyboard */; };
		7406F503207ED18F00AA0223 /* Panasonic_IP_setupTests.swift in Sources */ = {isa = PBXBuildFile; fileRef = 7406F502207ED18F00AA0223 /* Panasonic_IP_setupTests.swift */; };
		7406F50E207ED18F00AA0223 /* Panasonic_IP_setupUITests.swift in Sources */ = {isa = PBXBuildFile; fileRef = 7406F50D207ED18F00AA0223 /* Panasonic_IP_setupUITests.swift */; };
		7406F53D207ED23400AA0223 /* PanasonicEasyIPsetupBlueSocket.framework in Frameworks */ = {isa = PBXBuildFile; fileRef = 7406F52B207ED20500AA0223 /* PanasonicEasyIPsetupBlueSocket.framework */; };
		7406F53E207ED23400AA0223 /* PanasonicEasyIPsetupBlueSocket.framework in Embed Frameworks */ = {isa = PBXBuildFile; fileRef = 7406F52B207ED20500AA0223 /* PanasonicEasyIPsetupBlueSocket.framework */; settings = {ATTRIBUTES = (CodeSignOnCopy, RemoveHeadersOnCopy, ); }; };
/* End PBXBuildFile section */

/* Begin PBXContainerItemProxy section */
		7406F4FF207ED18F00AA0223 /* PBXContainerItemProxy */ = {
			isa = PBXContainerItemProxy;
			containerPortal = 7406F4E4207ED18B00AA0223 /* Project object */;
			proxyType = 1;
			remoteGlobalIDString = 7406F4EB207ED18C00AA0223;
			remoteInfo = "Panasonic IP setup";
		};
		7406F50A207ED18F00AA0223 /* PBXContainerItemProxy */ = {
			isa = PBXContainerItemProxy;
			containerPortal = 7406F4E4207ED18B00AA0223 /* Project object */;
			proxyType = 1;
			remoteGlobalIDString = 7406F4EB207ED18C00AA0223;
			remoteInfo = "Panasonic IP setup";
		};
		7406F528207ED20500AA0223 /* PBXContainerItemProxy */ = {
			isa = PBXContainerItemProxy;
			containerPortal = 7406F51B207ED20500AA0223 /* PanasonicEasyIPsetupBlueSocket.xcodeproj */;
			proxyType = 2;
			remoteGlobalIDString = "NetUtils::NetUtils::Product";
			remoteInfo = NetUtils;
		};
		7406F52A207ED20500AA0223 /* PBXContainerItemProxy */ = {
			isa = PBXContainerItemProxy;
			containerPortal = 7406F51B207ED20500AA0223 /* PanasonicEasyIPsetupBlueSocket.xcodeproj */;
			proxyType = 2;
			remoteGlobalIDString = "PanasonicEasyIPsetupBlueSocket::PanasonicEasyIPsetupBlueSocket::Product";
			remoteInfo = PanasonicEasyIPsetupBlueSocket;
		};
		7406F52C207ED20500AA0223 /* PBXContainerItemProxy */ = {
			isa = PBXContainerItemProxy;
			containerPortal = 7406F51B207ED20500AA0223 /* PanasonicEasyIPsetupBlueSocket.xcodeproj */;
			proxyType = 2;
			remoteGlobalIDString = "PanasonicEasyIPsetupBlueSocket::PanasonicEasyIPsetupBlueSocketTests::Product";
			remoteInfo = PanasonicEasyIPsetupBlueSocketTests;
		};
		7406F52E207ED20500AA0223 /* PBXContainerItemProxy */ = {
			isa = PBXContainerItemProxy;
			containerPortal = 7406F51B207ED20500AA0223 /* PanasonicEasyIPsetupBlueSocket.xcodeproj */;
			proxyType = 2;
			remoteGlobalIDString = "PanasonicEasyIPsetupCore::PanasonicEasyIPsetupCore::Product";
			remoteInfo = PanasonicEasyIPsetupCore;
		};
		7406F530207ED20500AA0223 /* PBXContainerItemProxy */ = {
			isa = PBXContainerItemProxy;
			containerPortal = 7406F51B207ED20500AA0223 /* PanasonicEasyIPsetupBlueSocket.xcodeproj */;
			proxyType = 2;
			remoteGlobalIDString = "Socket::Socket::Product";
			remoteInfo = Socket;
		};
		7406F53F207ED23400AA0223 /* PBXContainerItemProxy */ = {
			isa = PBXContainerItemProxy;
			containerPortal = 7406F51B207ED20500AA0223 /* PanasonicEasyIPsetupBlueSocket.xcodeproj */;
			proxyType = 1;
			remoteGlobalIDString = "PanasonicEasyIPsetupBlueSocket::PanasonicEasyIPsetupBlueSocket";
			remoteInfo = PanasonicEasyIPsetupBlueSocket;
		};
/* End PBXContainerItemProxy section */

/* Begin PBXCopyFilesBuildPhase section */
		7406F541207ED23400AA0223 /* Embed Frameworks */ = {
			isa = PBXCopyFilesBuildPhase;
			buildActionMask = 2147483647;
			dstPath = "";
			dstSubfolderSpec = 10;
			files = (
				7406F53E207ED23400AA0223 /* PanasonicEasyIPsetupBlueSocket.framework in Embed Frameworks */,
			);
			name = "Embed Frameworks";
			runOnlyForDeploymentPostprocessing = 0;
		};
/* End PBXCopyFilesBuildPhase section */

/* Begin PBXFileReference section */
		7406F4EC207ED18C00AA0223 /* Panasonic IP setup.app */ = {isa = PBXFileReference; explicitFileType = wrapper.application; includeInIndex = 0; path = "Panasonic IP setup.app"; sourceTree = BUILT_PRODUCTS_DIR; };
		7406F4EF207ED18C00AA0223 /* AppDelegate.swift */ = {isa = PBXFileReference; lastKnownFileType = sourcecode.swift; path = AppDelegate.swift; sourceTree = "<group>"; };
		7406F4F1207ED18C00AA0223 /* ViewController.swift */ = {isa = PBXFileReference; lastKnownFileType = sourcecode.swift; path = ViewController.swift; sourceTree = "<group>"; };
		7406F4F3207ED18E00AA0223 /* Assets.xcassets */ = {isa = PBXFileReference; lastKnownFileType = folder.assetcatalog; path = Assets.xcassets; sourceTree = "<group>"; };
		7406F4F6207ED18E00AA0223 /* Base */ = {isa = PBXFileReference; lastKnownFileType = file.storyboard; name = Base; path = Base.lproj/Main.storyboard; sourceTree = "<group>"; };
		7406F4F8207ED18E00AA0223 /* Info.plist */ = {isa = PBXFileReference; lastKnownFileType = text.plist.xml; path = Info.plist; sourceTree = "<group>"; };
		7406F4F9207ED18E00AA0223 /* Panasonic_IP_setup.entitlements */ = {isa = PBXFileReference; lastKnownFileType = text.plist.entitlements; path = Panasonic_IP_setup.entitlements; sourceTree = "<group>"; };
		7406F4FE207ED18F00AA0223 /* Panasonic IP setupTests.xctest */ = {isa = PBXFileReference; explicitFileType = wrapper.cfbundle; includeInIndex = 0; path = "Panasonic IP setupTests.xctest"; sourceTree = BUILT_PRODUCTS_DIR; };
		7406F502207ED18F00AA0223 /* Panasonic_IP_setupTests.swift */ = {isa = PBXFileReference; lastKnownFileType = sourcecode.swift; path = Panasonic_IP_setupTests.swift; sourceTree = "<group>"; };
		7406F504207ED18F00AA0223 /* Info.plist */ = {isa = PBXFileReference; lastKnownFileType = text.plist.xml; path = Info.plist; sourceTree = "<group>"; };
		7406F509207ED18F00AA0223 /* Panasonic IP setupUITests.xctest */ = {isa = PBXFileReference; explicitFileType = wrapper.cfbundle; includeInIndex = 0; path = "Panasonic IP setupUITests.xctest"; sourceTree = BUILT_PRODUCTS_DIR; };
		7406F50D207ED18F00AA0223 /* Panasonic_IP_setupUITests.swift */ = {isa = PBXFileReference; lastKnownFileType = sourcecode.swift; path = Panasonic_IP_setupUITests.swift; sourceTree = "<group>"; };
		7406F50F207ED18F00AA0223 /* Info.plist */ = {isa = PBXFileReference; lastKnownFileType = text.plist.xml; path = Info.plist; sourceTree = "<group>"; };
		7406F51B207ED20500AA0223 /* PanasonicEasyIPsetupBlueSocket.xcodeproj */ = {isa = PBXFileReference; lastKnownFileType = "wrapper.pb-project"; name = PanasonicEasyIPsetupBlueSocket.xcodeproj; path = framework/PanasonicEasyIPsetupBlueSocket.xcodeproj; sourceTree = "<group>"; };
		7406F542207ED4AC00AA0223 /* Panasonic IP setup.entitlements */ = {isa = PBXFileReference; lastKnownFileType = text.plist.entitlements; path = "Panasonic IP setup.entitlements"; sourceTree = "<group>"; };
		7443021420800ED8005D4E24 /* Readme.md */ = {isa = PBXFileReference; lastKnownFileType = net.daringfireball.markdown; path = Readme.md; sourceTree = "<group>"; };
/* End PBXFileReference section */

/* Begin PBXFrameworksBuildPhase section */
		7406F4E9207ED18C00AA0223 /* Frameworks */ = {
			isa = PBXFrameworksBuildPhase;
			buildActionMask = 2147483647;
			files = (
				7406F53D207ED23400AA0223 /* PanasonicEasyIPsetupBlueSocket.framework in Frameworks */,
			);
			runOnlyForDeploymentPostprocessing = 0;
		};
		7406F4FB207ED18F00AA0223 /* Frameworks */ = {
			isa = PBXFrameworksBuildPhase;
			buildActionMask = 2147483647;
			files = (
			);
			runOnlyForDeploymentPostprocessing = 0;
		};
		7406F506207ED18F00AA0223 /* Frameworks */ = {
			isa = PBXFrameworksBuildPhase;
			buildActionMask = 2147483647;
			files = (
			);
			runOnlyForDeploymentPostprocessing = 0;
		};
/* End PBXFrameworksBuildPhase section */

/* Begin PBXGroup section */
		7406F4E3207ED18B00AA0223 = {
			isa = PBXGroup;
			children = (
				7443021420800ED8005D4E24 /* Readme.md */,
				7406F51B207ED20500AA0223 /* PanasonicEasyIPsetupBlueSocket.xcodeproj */,
				7406F4EE207ED18C00AA0223 /* Panasonic IP setup */,
				7406F501207ED18F00AA0223 /* Panasonic IP setupTests */,
				7406F50C207ED18F00AA0223 /* Panasonic IP setupUITests */,
				7406F4ED207ED18C00AA0223 /* Products */,
			);
			sourceTree = "<group>";
		};
		7406F4ED207ED18C00AA0223 /* Products */ = {
			isa = PBXGroup;
			children = (
				7406F4EC207ED18C00AA0223 /* Panasonic IP setup.app */,
				7406F4FE207ED18F00AA0223 /* Panasonic IP setupTests.xctest */,
				7406F509207ED18F00AA0223 /* Panasonic IP setupUITests.xctest */,
			);
			name = Products;
			sourceTree = "<group>";
		};
		7406F4EE207ED18C00AA0223 /* Panasonic IP setup */ = {
			isa = PBXGroup;
			children = (
				7406F542207ED4AC00AA0223 /* Panasonic IP setup.entitlements */,
				7406F4EF207ED18C00AA0223 /* AppDelegate.swift */,
				7406F4F1207ED18C00AA0223 /* ViewController.swift */,
				7406F4F3207ED18E00AA0223 /* Assets.xcassets */,
				7406F4F5207ED18E00AA0223 /* Main.storyboard */,
				7406F4F8207ED18E00AA0223 /* Info.plist */,
				7406F4F9207ED18E00AA0223 /* Panasonic_IP_setup.entitlements */,
			);
			path = "Panasonic IP setup";
			sourceTree = "<group>";
		};
		7406F501207ED18F00AA0223 /* Panasonic IP setupTests */ = {
			isa = PBXGroup;
			children = (
				7406F502207ED18F00AA0223 /* Panasonic_IP_setupTests.swift */,
				7406F504207ED18F00AA0223 /* Info.plist */,
			);
			path = "Panasonic IP setupTests";
			sourceTree = "<group>";
		};
		7406F50C207ED18F00AA0223 /* Panasonic IP setupUITests */ = {
			isa = PBXGroup;
			children = (
				7406F50D207ED18F00AA0223 /* Panasonic_IP_setupUITests.swift */,
				7406F50F207ED18F00AA0223 /* Info.plist */,
			);
			path = "Panasonic IP setupUITests";
			sourceTree = "<group>";
		};
		7406F51C207ED20500AA0223 /* Products */ = {
			isa = PBXGroup;
			children = (
				7406F529207ED20500AA0223 /* NetUtils.framework */,
				7406F52B207ED20500AA0223 /* PanasonicEasyIPsetupBlueSocket.framework */,
				7406F52D207ED20500AA0223 /* PanasonicEasyIPsetupBlueSocketTests.xctest */,
				7406F52F207ED20500AA0223 /* PanasonicEasyIPsetupCore.framework */,
				7406F531207ED20500AA0223 /* Socket.framework */,
			);
			name = Products;
			sourceTree = "<group>";
		};
/* End PBXGroup section */

/* Begin PBXNativeTarget section */
		7406F4EB207ED18C00AA0223 /* Panasonic IP setup */ = {
			isa = PBXNativeTarget;
			buildConfigurationList = 7406F512207ED18F00AA0223 /* Build configuration list for PBXNativeTarget "Panasonic IP setup" */;
			buildPhases = (
				7406F4E8207ED18C00AA0223 /* Sources */,
				7406F4E9207ED18C00AA0223 /* Frameworks */,
				7406F4EA207ED18C00AA0223 /* Resources */,
				7406F541207ED23400AA0223 /* Embed Frameworks */,
			);
			buildRules = (
			);
			dependencies = (
				7406F540207ED23400AA0223 /* PBXTargetDependency */,
			);
			name = "Panasonic IP setup";
			productName = "Panasonic IP setup";
			productReference = 7406F4EC207ED18C00AA0223 /* Panasonic IP setup.app */;
			productType = "com.apple.product-type.application";
		};
		7406F4FD207ED18F00AA0223 /* Panasonic IP setupTests */ = {
			isa = PBXNativeTarget;
			buildConfigurationList = 7406F515207ED18F00AA0223 /* Build configuration list for PBXNativeTarget "Panasonic IP setupTests" */;
			buildPhases = (
				7406F4FA207ED18F00AA0223 /* Sources */,
				7406F4FB207ED18F00AA0223 /* Frameworks */,
				7406F4FC207ED18F00AA0223 /* Resources */,
			);
			buildRules = (
			);
			dependencies = (
				7406F500207ED18F00AA0223 /* PBXTargetDependency */,
			);
			name = "Panasonic IP setupTests";
			productName = "Panasonic IP setupTests";
			productReference = 7406F4FE207ED18F00AA0223 /* Panasonic IP setupTests.xctest */;
			productType = "com.apple.product-type.bundle.unit-test";
		};
		7406F508207ED18F00AA0223 /* Panasonic IP setupUITests */ = {
			isa = PBXNativeTarget;
			buildConfigurationList = 7406F518207ED18F00AA0223 /* Build configuration list for PBXNativeTarget "Panasonic IP setupUITests" */;
			buildPhases = (
				7406F505207ED18F00AA0223 /* Sources */,
				7406F506207ED18F00AA0223 /* Frameworks */,
				7406F507207ED18F00AA0223 /* Resources */,
			);
			buildRules = (
			);
			dependencies = (
				7406F50B207ED18F00AA0223 /* PBXTargetDependency */,
			);
			name = "Panasonic IP setupUITests";
			productName = "Panasonic IP setupUITests";
			productReference = 7406F509207ED18F00AA0223 /* Panasonic IP setupUITests.xctest */;
			productType = "com.apple.product-type.bundle.ui-testing";
		};
/* End PBXNativeTarget section */

/* Begin PBXProject section */
		7406F4E4207ED18B00AA0223 /* Project object */ = {
			isa = PBXProject;
			attributes = {
				LastSwiftUpdateCheck = 0930;
				LastUpgradeCheck = 0930;
				ORGANIZATIONNAME = Devian;
				TargetAttributes = {
					7406F4EB207ED18C00AA0223 = {
						CreatedOnToolsVersion = 9.3;
						SystemCapabilities = {
							com.apple.Sandbox = {
								enabled = 1;
							};
						};
					};
					7406F4FD207ED18F00AA0223 = {
						CreatedOnToolsVersion = 9.3;
						TestTargetID = 7406F4EB207ED18C00AA0223;
					};
					7406F508207ED18F00AA0223 = {
						CreatedOnToolsVersion = 9.3;
						TestTargetID = 7406F4EB207ED18C00AA0223;
					};
				};
			};
			buildConfigurationList = 7406F4E7207ED18B00AA0223 /* Build configuration list for PBXProject "Panasonic IP setup" */;
			compatibilityVersion = "Xcode 9.3";
			developmentRegion = en;
			hasScannedForEncodings = 0;
			knownRegions = (
				en,
				Base,
			);
			mainGroup = 7406F4E3207ED18B00AA0223;
			productRefGroup = 7406F4ED207ED18C00AA0223 /* Products */;
			projectDirPath = "";
			projectReferences = (
				{
					ProductGroup = 7406F51C207ED20500AA0223 /* Products */;
					ProjectRef = 7406F51B207ED20500AA0223 /* PanasonicEasyIPsetupBlueSocket.xcodeproj */;
				},
			);
			projectRoot = "";
			targets = (
				7406F4EB207ED18C00AA0223 /* Panasonic IP setup */,
				7406F4FD207ED18F00AA0223 /* Panasonic IP setupTests */,
				7406F508207ED18F00AA0223 /* Panasonic IP setupUITests */,
			);
		};
/* End PBXProject section */

/* Begin PBXReferenceProxy section */
		7406F529207ED20500AA0223 /* NetUtils.framework */ = {
			isa = PBXReferenceProxy;
			fileType = wrapper.framework;
			path = NetUtils.framework;
			remoteRef = 7406F528207ED20500AA0223 /* PBXContainerItemProxy */;
			sourceTree = BUILT_PRODUCTS_DIR;
		};
		7406F52B207ED20500AA0223 /* PanasonicEasyIPsetupBlueSocket.framework */ = {
			isa = PBXReferenceProxy;
			fileType = wrapper.framework;
			path = PanasonicEasyIPsetupBlueSocket.framework;
			remoteRef = 7406F52A207ED20500AA0223 /* PBXContainerItemProxy */;
			sourceTree = BUILT_PRODUCTS_DIR;
		};
		7406F52D207ED20500AA0223 /* PanasonicEasyIPsetupBlueSocketTests.xctest */ = {
			isa = PBXReferenceProxy;
			fileType = file;
			path = PanasonicEasyIPsetupBlueSocketTests.xctest;
			remoteRef = 7406F52C207ED20500AA0223 /* PBXContainerItemProxy */;
			sourceTree = BUILT_PRODUCTS_DIR;
		};
		7406F52F207ED20500AA0223 /* PanasonicEasyIPsetupCore.framework */ = {
			isa = PBXReferenceProxy;
			fileType = wrapper.framework;
			path = PanasonicEasyIPsetupCore.framework;
			remoteRef = 7406F52E207ED20500AA0223 /* PBXContainerItemProxy */;
			sourceTree = BUILT_PRODUCTS_DIR;
		};
		7406F531207ED20500AA0223 /* Socket.framework */ = {
			isa = PBXReferenceProxy;
			fileType = wrapper.framework;
			path = Socket.framework;
			remoteRef = 7406F530207ED20500AA0223 /* PBXContainerItemProxy */;
			sourceTree = BUILT_PRODUCTS_DIR;
		};
/* End PBXReferenceProxy section */

/* Begin PBXResourcesBuildPhase section */
		7406F4EA207ED18C00AA0223 /* Resources */ = {
			isa = PBXResourcesBuildPhase;
			buildActionMask = 2147483647;
			files = (
				7406F4F4207ED18E00AA0223 /* Assets.xcassets in Resources */,
				7406F4F7207ED18E00AA0223 /* Main.storyboard in Resources */,
			);
			runOnlyForDeploymentPostprocessing = 0;
		};
		7406F4FC207ED18F00AA0223 /* Resources */ = {
			isa = PBXResourcesBuildPhase;
			buildActionMask = 2147483647;
			files = (
			);
			runOnlyForDeploymentPostprocessing = 0;
		};
		7406F507207ED18F00AA0223 /* Resources */ = {
			isa = PBXResourcesBuildPhase;
			buildActionMask = 2147483647;
			files = (
			);
			runOnlyForDeploymentPostprocessing = 0;
		};
/* End PBXResourcesBuildPhase section */

/* Begin PBXSourcesBuildPhase section */
		7406F4E8207ED18C00AA0223 /* Sources */ = {
			isa = PBXSourcesBuildPhase;
			buildActionMask = 2147483647;
			files = (
				7406F4F2207ED18C00AA0223 /* ViewController.swift in Sources */,
				7406F4F0207ED18C00AA0223 /* AppDelegate.swift in Sources */,
			);
			runOnlyForDeploymentPostprocessing = 0;
		};
		7406F4FA207ED18F00AA0223 /* Sources */ = {
			isa = PBXSourcesBuildPhase;
			buildActionMask = 2147483647;
			files = (
				7406F503207ED18F00AA0223 /* Panasonic_IP_setupTests.swift in Sources */,
			);
			runOnlyForDeploymentPostprocessing = 0;
		};
		7406F505207ED18F00AA0223 /* Sources */ = {
			isa = PBXSourcesBuildPhase;
			buildActionMask = 2147483647;
			files = (
				7406F50E207ED18F00AA0223 /* Panasonic_IP_setupUITests.swift in Sources */,
			);
			runOnlyForDeploymentPostprocessing = 0;
		};
/* End PBXSourcesBuildPhase section */

/* Begin PBXTargetDependency section */
		7406F500207ED18F00AA0223 /* PBXTargetDependency */ = {
			isa = PBXTargetDependency;
			target = 7406F4EB207ED18C00AA0223 /* Panasonic IP setup */;
			targetProxy = 7406F4FF207ED18F00AA0223 /* PBXContainerItemProxy */;
		};
		7406F50B207ED18F00AA0223 /* PBXTargetDependency */ = {
			isa = PBXTargetDependency;
			target = 7406F4EB207ED18C00AA0223 /* Panasonic IP setup */;
			targetProxy = 7406F50A207ED18F00AA0223 /* PBXContainerItemProxy */;
		};
		7406F540207ED23400AA0223 /* PBXTargetDependency */ = {
			isa = PBXTargetDependency;
			name = PanasonicEasyIPsetupBlueSocket;
			targetProxy = 7406F53F207ED23400AA0223 /* PBXContainerItemProxy */;
		};
/* End PBXTargetDependency section */

/* Begin PBXVariantGroup section */
		7406F4F5207ED18E00AA0223 /* Main.storyboard */ = {
			isa = PBXVariantGroup;
			children = (
				7406F4F6207ED18E00AA0223 /* Base */,
			);
			name = Main.storyboard;
			sourceTree = "<group>";
		};
/* End PBXVariantGroup section */

/* Begin XCBuildConfiguration section */
		7406F510207ED18F00AA0223 /* Debug */ = {
			isa = XCBuildConfiguration;
			buildSettings = {
				ALWAYS_SEARCH_USER_PATHS = NO;
				CLANG_ANALYZER_NONNULL = YES;
				CLANG_ANALYZER_NUMBER_OBJECT_CONVERSION = YES_AGGRESSIVE;
				CLANG_CXX_LANGUAGE_STANDARD = "gnu++14";
				CLANG_CXX_LIBRARY = "libc++";
				CLANG_ENABLE_MODULES = YES;
				CLANG_ENABLE_OBJC_ARC = YES;
				CLANG_ENABLE_OBJC_WEAK = YES;
				CLANG_WARN_BLOCK_CAPTURE_AUTORELEASING = YES;
				CLANG_WARN_BOOL_CONVERSION = YES;
				CLANG_WARN_COMMA = YES;
				CLANG_WARN_CONSTANT_CONVERSION = YES;
				CLANG_WARN_DEPRECATED_OBJC_IMPLEMENTATIONS = YES;
				CLANG_WARN_DIRECT_OBJC_ISA_USAGE = YES_ERROR;
				CLANG_WARN_DOCUMENTATION_COMMENTS = YES;
				CLANG_WARN_EMPTY_BODY = YES;
				CLANG_WARN_ENUM_CONVERSION = YES;
				CLANG_WARN_INFINITE_RECURSION = YES;
				CLANG_WARN_INT_CONVERSION = YES;
				CLANG_WARN_NON_LITERAL_NULL_CONVERSION = YES;
				CLANG_WARN_OBJC_IMPLICIT_RETAIN_SELF = YES;
				CLANG_WARN_OBJC_LITERAL_CONVERSION = YES;
				CLANG_WARN_OBJC_ROOT_CLASS = YES_ERROR;
				CLANG_WARN_RANGE_LOOP_ANALYSIS = YES;
				CLANG_WARN_STRICT_PROTOTYPES = YES;
				CLANG_WARN_SUSPICIOUS_MOVE = YES;
				CLANG_WARN_UNGUARDED_AVAILABILITY = YES_AGGRESSIVE;
				CLANG_WARN_UNREACHABLE_CODE = YES;
				CLANG_WARN__DUPLICATE_METHOD_MATCH = YES;
				CODE_SIGN_IDENTITY = "Mac Developer";
				COPY_PHASE_STRIP = NO;
				DEBUG_INFORMATION_FORMAT = dwarf;
				ENABLE_STRICT_OBJC_MSGSEND = YES;
				ENABLE_TESTABILITY = YES;
				GCC_C_LANGUAGE_STANDARD = gnu11;
				GCC_DYNAMIC_NO_PIC = NO;
				GCC_NO_COMMON_BLOCKS = YES;
				GCC_OPTIMIZATION_LEVEL = 0;
				GCC_PREPROCESSOR_DEFINITIONS = (
					"DEBUG=1",
					"$(inherited)",
				);
				GCC_WARN_64_TO_32_BIT_CONVERSION = YES;
				GCC_WARN_ABOUT_RETURN_TYPE = YES_ERROR;
				GCC_WARN_UNDECLARED_SELECTOR = YES;
				GCC_WARN_UNINITIALIZED_AUTOS = YES_AGGRESSIVE;
				GCC_WARN_UNUSED_FUNCTION = YES;
				GCC_WARN_UNUSED_VARIABLE = YES;
				MACOSX_DEPLOYMENT_TARGET = 10.13;
				MTL_ENABLE_DEBUG_INFO = YES;
				ONLY_ACTIVE_ARCH = YES;
				SDKROOT = macosx;
				SWIFT_ACTIVE_COMPILATION_CONDITIONS = DEBUG;
				SWIFT_OPTIMIZATION_LEVEL = "-Onone";
			};
			name = Debug;
		};
		7406F511207ED18F00AA0223 /* Release */ = {
			isa = XCBuildConfiguration;
			buildSettings = {
				ALWAYS_SEARCH_USER_PATHS = NO;
				CLANG_ANALYZER_NONNULL = YES;
				CLANG_ANALYZER_NUMBER_OBJECT_CONVERSION = YES_AGGRESSIVE;
				CLANG_CXX_LANGUAGE_STANDARD = "gnu++14";
				CLANG_CXX_LIBRARY = "libc++";
				CLANG_ENABLE_MODULES = YES;
				CLANG_ENABLE_OBJC_ARC = YES;
				CLANG_ENABLE_OBJC_WEAK = YES;
				CLANG_WARN_BLOCK_CAPTURE_AUTORELEASING = YES;
				CLANG_WARN_BOOL_CONVERSION = YES;
				CLANG_WARN_COMMA = YES;
				CLANG_WARN_CONSTANT_CONVERSION = YES;
				CLANG_WARN_DEPRECATED_OBJC_IMPLEMENTATIONS = YES;
				CLANG_WARN_DIRECT_OBJC_ISA_USAGE = YES_ERROR;
				CLANG_WARN_DOCUMENTATION_COMMENTS = YES;
				CLANG_WARN_EMPTY_BODY = YES;
				CLANG_WARN_ENUM_CONVERSION = YES;
				CLANG_WARN_INFINITE_RECURSION = YES;
				CLANG_WARN_INT_CONVERSION = YES;
				CLANG_WARN_NON_LITERAL_NULL_CONVERSION = YES;
				CLANG_WARN_OBJC_IMPLICIT_RETAIN_SELF = YES;
				CLANG_WARN_OBJC_LITERAL_CONVERSION = YES;
				CLANG_WARN_OBJC_ROOT_CLASS = YES_ERROR;
				CLANG_WARN_RANGE_LOOP_ANALYSIS = YES;
				CLANG_WARN_STRICT_PROTOTYPES = YES;
				CLANG_WARN_SUSPICIOUS_MOVE = YES;
				CLANG_WARN_UNGUARDED_AVAILABILITY = YES_AGGRESSIVE;
				CLANG_WARN_UNREACHABLE_CODE = YES;
				CLANG_WARN__DUPLICATE_METHOD_MATCH = YES;
				CODE_SIGN_IDENTITY = "Mac Developer";
				COPY_PHASE_STRIP = NO;
				DEBUG_INFORMATION_FORMAT = "dwarf-with-dsym";
				ENABLE_NS_ASSERTIONS = NO;
				ENABLE_STRICT_OBJC_MSGSEND = YES;
				GCC_C_LANGUAGE_STANDARD = gnu11;
				GCC_NO_COMMON_BLOCKS = YES;
				GCC_WARN_64_TO_32_BIT_CONVERSION = YES;
				GCC_WARN_ABOUT_RETURN_TYPE = YES_ERROR;
				GCC_WARN_UNDECLARED_SELECTOR = YES;
				GCC_WARN_UNINITIALIZED_AUTOS = YES_AGGRESSIVE;
				GCC_WARN_UNUSED_FUNCTION = YES;
				GCC_WARN_UNUSED_VARIABLE = YES;
				MACOSX_DEPLOYMENT_TARGET = 10.13;
				MTL_ENABLE_DEBUG_INFO = NO;
				SDKROOT = macosx;
				SWIFT_COMPILATION_MODE = wholemodule;
				SWIFT_OPTIMIZATION_LEVEL = "-O";
			};
			name = Release;
		};
		7406F513207ED18F00AA0223 /* Debug */ = {
			isa = XCBuildConfiguration;
			buildSettings = {
				ALWAYS_EMBED_SWIFT_STANDARD_LIBRARIES = YES;
				ASSETCATALOG_COMPILER_APPICON_NAME = AppIcon;
				CODE_SIGN_ENTITLEMENTS = "Panasonic IP setup/Panasonic IP setup.entitlements";
				CODE_SIGN_STYLE = Automatic;
				COMBINE_HIDPI_IMAGES = YES;
				DEVELOPMENT_TEAM = 7TD9A665TC;
				INFOPLIST_FILE = "Panasonic IP setup/Info.plist";
				LD_RUNPATH_SEARCH_PATHS = (
					"$(inherited)",
					"@executable_path/../Frameworks",
				);
				PRODUCT_BUNDLE_IDENTIFIER = "com.devian.Panasonic-IP-setup";
				PRODUCT_NAME = "$(TARGET_NAME)";
				SWIFT_VERSION = 4.0;
			};
			name = Debug;
		};
		7406F514207ED18F00AA0223 /* Release */ = {
			isa = XCBuildConfiguration;
			buildSettings = {
				ALWAYS_EMBED_SWIFT_STANDARD_LIBRARIES = YES;
				ASSETCATALOG_COMPILER_APPICON_NAME = AppIcon;
				CODE_SIGN_ENTITLEMENTS = "Panasonic IP setup/Panasonic IP setup.entitlements";
				CODE_SIGN_STYLE = Automatic;
				COMBINE_HIDPI_IMAGES = YES;
				DEVELOPMENT_TEAM = 7TD9A665TC;
				INFOPLIST_FILE = "Panasonic IP setup/Info.plist";
				LD_RUNPATH_SEARCH_PATHS = (
					"$(inherited)",
					"@executable_path/../Frameworks",
				);
				PRODUCT_BUNDLE_IDENTIFIER = "com.devian.Panasonic-IP-setup";
				PRODUCT_NAME = "$(TARGET_NAME)";
				SWIFT_VERSION = 4.0;
			};
			name = Release;
		};
		7406F516207ED18F00AA0223 /* Debug */ = {
			isa = XCBuildConfiguration;
			buildSettings = {
				ALWAYS_EMBED_SWIFT_STANDARD_LIBRARIES = YES;
				BUNDLE_LOADER = "$(TEST_HOST)";
				CODE_SIGN_STYLE = Automatic;
				COMBINE_HIDPI_IMAGES = YES;
				DEVELOPMENT_TEAM = 7TD9A665TC;
				INFOPLIST_FILE = "Panasonic IP setupTests/Info.plist";
				LD_RUNPATH_SEARCH_PATHS = (
					"$(inherited)",
					"@executable_path/../Frameworks",
					"@loader_path/../Frameworks",
				);
				PRODUCT_BUNDLE_IDENTIFIER = "com.devian.Panasonic-IP-setupTests";
				PRODUCT_NAME = "$(TARGET_NAME)";
				SWIFT_VERSION = 4.0;
				TEST_HOST = "$(BUILT_PRODUCTS_DIR)/Panasonic IP setup.app/Contents/MacOS/Panasonic IP setup";
			};
			name = Debug;
		};
		7406F517207ED18F00AA0223 /* Release */ = {
			isa = XCBuildConfiguration;
			buildSettings = {
				ALWAYS_EMBED_SWIFT_STANDARD_LIBRARIES = YES;
				BUNDLE_LOADER = "$(TEST_HOST)";
				CODE_SIGN_STYLE = Automatic;
				COMBINE_HIDPI_IMAGES = YES;
				DEVELOPMENT_TEAM = 7TD9A665TC;
				INFOPLIST_FILE = "Panasonic IP setupTests/Info.plist";
				LD_RUNPATH_SEARCH_PATHS = (
					"$(inherited)",
					"@executable_path/../Frameworks",
					"@loader_path/../Frameworks",
				);
				PRODUCT_BUNDLE_IDENTIFIER = "com.devian.Panasonic-IP-setupTests";
				PRODUCT_NAME = "$(TARGET_NAME)";
				SWIFT_VERSION = 4.0;
				TEST_HOST = "$(BUILT_PRODUCTS_DIR)/Panasonic IP setup.app/Contents/MacOS/Panasonic IP setup";
			};
			name = Release;
		};
		7406F519207ED18F00AA0223 /* Debug */ = {
			isa = XCBuildConfiguration;
			buildSettings = {
				ALWAYS_EMBED_SWIFT_STANDARD_LIBRARIES = YES;
				CODE_SIGN_STYLE = Automatic;
				COMBINE_HIDPI_IMAGES = YES;
				DEVELOPMENT_TEAM = 7TD9A665TC;
				INFOPLIST_FILE = "Panasonic IP setupUITests/Info.plist";
				LD_RUNPATH_SEARCH_PATHS = (
					"$(inherited)",
					"@executable_path/../Frameworks",
					"@loader_path/../Frameworks",
				);
				PRODUCT_BUNDLE_IDENTIFIER = "com.devian.Panasonic-IP-setupUITests";
				PRODUCT_NAME = "$(TARGET_NAME)";
				SWIFT_VERSION = 4.0;
				TEST_TARGET_NAME = "Panasonic IP setup";
			};
			name = Debug;
		};
		7406F51A207ED18F00AA0223 /* Release */ = {
			isa = XCBuildConfiguration;
			buildSettings = {
				ALWAYS_EMBED_SWIFT_STANDARD_LIBRARIES = YES;
				CODE_SIGN_STYLE = Automatic;
				COMBINE_HIDPI_IMAGES = YES;
				DEVELOPMENT_TEAM = 7TD9A665TC;
				INFOPLIST_FILE = "Panasonic IP setupUITests/Info.plist";
				LD_RUNPATH_SEARCH_PATHS = (
					"$(inherited)",
					"@executable_path/../Frameworks",
					"@loader_path/../Frameworks",
				);
				PRODUCT_BUNDLE_IDENTIFIER = "com.devian.Panasonic-IP-setupUITests";
				PRODUCT_NAME = "$(TARGET_NAME)";
				SWIFT_VERSION = 4.0;
				TEST_TARGET_NAME = "Panasonic IP setup";
			};
			name = Release;
		};
/* End XCBuildConfiguration section */

/* Begin XCConfigurationList section */
		7406F4E7207ED18B00AA0223 /* Build configuration list for PBXProject "Panasonic IP setup" */ = {
			isa = XCConfigurationList;
			buildConfigurations = (
				7406F510207ED18F00AA0223 /* Debug */,
				7406F511207ED18F00AA0223 /* Release */,
			);
			defaultConfigurationIsVisible = 0;
			defaultConfigurationName = Release;
		};
		7406F512207ED18F00AA0223 /* Build configuration list for PBXNativeTarget "Panasonic IP setup" */ = {
			isa = XCConfigurationList;
			buildConfigurations = (
				7406F513207ED18F00AA0223 /* Debug */,
				7406F514207ED18F00AA0223 /* Release */,
			);
			defaultConfigurationIsVisible = 0;
			defaultConfigurationName = Release;
		};
		7406F515207ED18F00AA0223 /* Build configuration list for PBXNativeTarget "Panasonic IP setupTests" */ = {
			isa = XCConfigurationList;
			buildConfigurations = (
				7406F516207ED18F00AA0223 /* Debug */,
				7406F517207ED18F00AA0223 /* Release */,
			);
			defaultConfigurationIsVisible = 0;
			defaultConfigurationName = Release;
		};
		7406F518207ED18F00AA0223 /* Build configuration list for PBXNativeTarget "Panasonic IP setupUITests" */ = {
			isa = XCConfigurationList;
			buildConfigurations = (
				7406F519207ED18F00AA0223 /* Debug */,
				7406F51A207ED18F00AA0223 /* Release */,
			);
			defaultConfigurationIsVisible = 0;
			defaultConfigurationName = Release;
		};
/* End XCConfigurationList section */
	};
	rootObject = 7406F4E4207ED18B00AA0223 /* Project object */;
}
